<?xml version="1.0" encoding="utf-8"?>
<Project ToolsVersion="4.0" xmlns:atg="http://atg.xbox.com" xmlns="http://schemas.microsoft.com/developer/msbuild/2003">
  <ItemGroup>
    <Filter Include="Resource Files">
      <UniqueIdentifier>{8e114980-c1a3-4ada-ad7c-83caadf5daeb}</UniqueIdentifier>
      <Extensions>rc;ico;cur;bmp;dlg;rc2;rct;bin;rgs;gif;jpg;jpeg;jpe</Extensions>
    </Filter>
    <Filter Include="DXUT">
      <UniqueIdentifier>{a43c5c25-0e86-4a20-b64a-883785ff74fd}</UniqueIdentifier>
    </Filter>
    <Filter Include="Shaders">
      <UniqueIdentifier>{2c3d4c8c-5d1a-459a-a05a-a4e4b608a44e}</UniqueIdentifier>
      <Extensions>fx;fxh;hlsl</Extensions>
    </Filter>
    <Filter Include="FrameWork">
      <UniqueIdentifier>{8a241641-7d71-4df2-a4b4-dc87125b965e}</UniqueIdentifier>
    </Filter>
    <Filter Include="Game">
      <UniqueIdentifier>{707cfcd5-d02c-4716-b94d-22795aaf04d5}</UniqueIdentifier>
    </Filter>
    <Filter Include="Game\Dive">
      <UniqueIdentifier>{8d7d6569-5eb2-4e63-a878-3efe7b60ce6f}</UniqueIdentifier>
    </Filter>
    <Filter Include="Game\Run">
      <UniqueIdentifier>{d0c35801-8a3a-4747-bd77-a668fee00bfb}</UniqueIdentifier>
    </Filter>
    <Filter Include="Game\Swim">
      <UniqueIdentifier>{a8fa34f7-093e-4d1f-8f19-2508dc01253c}</UniqueIdentifier>
    </Filter>
    <Filter Include="Game\Mountain">
      <UniqueIdentifier>{0120a02a-f989-4ec6-a5a2-30d99981489c}</UniqueIdentifier>
    </Filter>
  </ItemGroup>
  <ItemGroup>
    <None Include="DXUT\Optional\directx.ico">
      <Filter>Resource Files</Filter>
    </None>
    <ClInclude Include="DXUT\Core\DXUT.h">
      <Filter>DXUT</Filter>
    </ClInclude>
    <ClInclude Include="DXUT\Core\DXUTenum.h">
      <Filter>DXUT</Filter>
    </ClInclude>
    <ClInclude Include="DXUT\Core\DXUTmisc.h">
      <Filter>DXUT</Filter>
    </ClInclude>
    <ClCompile Include="DXUT\Core\DXUT.cpp">
      <Filter>DXUT</Filter>
    </ClCompile>
    <ClCompile Include="DXUT\Core\DXUTenum.cpp">
      <Filter>DXUT</Filter>
    </ClCompile>
    <ClCompile Include="DXUT\Core\DXUTmisc.cpp">
      <Filter>DXUT</Filter>
    </ClCompile>
    <ClInclude Include="DXUT\Optional\DXUTcamera.h">
      <Filter>DXUT</Filter>
    </ClInclude>
    <ClInclude Include="DXUT\Optional\DXUTgui.h">
      <Filter>DXUT</Filter>
    </ClInclude>
    <ClInclude Include="DXUT\Optional\DXUTres.h">
      <Filter>DXUT</Filter>
    </ClInclude>
    <ClInclude Include="DXUT\Optional\DXUTsettingsdlg.h">
      <Filter>DXUT</Filter>
    </ClInclude>
    <ClInclude Include="DXUT\Optional\SDKmesh.h">
      <Filter>DXUT</Filter>
    </ClInclude>
    <ClInclude Include="DXUT\Optional\SDKmisc.h">
      <Filter>DXUT</Filter>
    </ClInclude>
    <ClCompile Include="DXUT\Optional\DXUTcamera.cpp">
      <Filter>DXUT</Filter>
    </ClCompile>
    <ClCompile Include="DXUT\Optional\DXUTgui.cpp">
      <Filter>DXUT</Filter>
    </ClCompile>
    <ClCompile Include="DXUT\Optional\DXUTres.cpp">
      <Filter>DXUT</Filter>
    </ClCompile>
    <ClCompile Include="DXUT\Optional\DXUTsettingsdlg.cpp">
      <Filter>DXUT</Filter>
    </ClCompile>
    <ClCompile Include="DXUT\Optional\SDKmesh.cpp">
      <Filter>DXUT</Filter>
    </ClCompile>
    <ClCompile Include="DXUT\Optional\SDKmisc.cpp">
      <Filter>DXUT</Filter>
    </ClCompile>
  </ItemGroup>
  <ItemGroup>
    <ClCompile Include="Olympic3.cpp" />
    <ClCompile Include="Type.cpp">
      <Filter>FrameWork</Filter>
    </ClCompile>
    <ClCompile Include="Node.cpp">
      <Filter>FrameWork</Filter>
    </ClCompile>
    <ClCompile Include="Sprite.cpp">
      <Filter>FrameWork</Filter>
    </ClCompile>
    <ClCompile Include="Director.cpp">
      <Filter>FrameWork</Filter>
    </ClCompile>
    <ClCompile Include="Animation.cpp">
      <Filter>FrameWork</Filter>
    </ClCompile>
    <ClCompile Include="Main.cpp">
      <Filter>Game</Filter>
    </ClCompile>
    <ClCompile Include="Dive.cpp">
      <Filter>Game\Dive</Filter>
    </ClCompile>
    <ClCompile Include="Run.cpp">
      <Filter>Game\Run</Filter>
    </ClCompile>
    <ClCompile Include="RunPlayer.cpp">
      <Filter>Game\Run</Filter>
    </ClCompile>
    <ClCompile Include="Swim.cpp">
      <Filter>Game\Swim</Filter>
    </ClCompile>
    <ClCompile Include="SwimPlayer.cpp">
      <Filter>Game\Swim</Filter>
    </ClCompile>
    <ClCompile Include="Mountain.cpp">
      <Filter>Game\Mountain</Filter>
    </ClCompile>
    <ClCompile Include="MountainPlayer.cpp">
      <Filter>Game\Mountain</Filter>
    </ClCompile>
    <ClCompile Include="Award.cpp">
      <Filter>Game</Filter>
    </ClCompile>
    <ClCompile Include="GameMng.cpp">
      <Filter>Game</Filter>
    </ClCompile>
    <ClCompile Include="Board.cpp">
      <Filter>Game</Filter>
    </ClCompile>
  </ItemGroup>
  <ItemGroup>
    <ClInclude Include="Type.h">
      <Filter>FrameWork</Filter>
    </ClInclude>
    <ClInclude Include="Node.h">
      <Filter>FrameWork</Filter>
    </ClInclude>
    <ClInclude Include="Sprite.h">
      <Filter>FrameWork</Filter>
    </ClInclude>
    <ClInclude Include="Director.h">
      <Filter>FrameWork</Filter>
    </ClInclude>
    <ClInclude Include="Animation.h">
      <Filter>FrameWork</Filter>
    </ClInclude>
    <ClInclude Include="Main.h">
      <Filter>Game</Filter>
    </ClInclude>
    <ClInclude Include="Dive.h">
      <Filter>Game\Dive</Filter>
    </ClInclude>
    <ClInclude Include="Run.h">
      <Filter>Game\Run</Filter>
    </ClInclude>
    <ClInclude Include="RunPlayer.h">
      <Filter>Game\Run</Filter>
    </ClInclude>
    <ClInclude Include="Swim.h">
      <Filter>Game\Swim</Filter>
    </ClInclude>
    <ClInclude Include="SwimPlayer.h">
      <Filter>Game\Swim</Filter>
    </ClInclude>
    <ClInclude Include="Mountain.h">
      <Filter>Game\Mountain</Filter>
    </ClInclude>
    <ClInclude Include="MountainPlayer.h">
      <Filter>Game\Mountain</Filter>
    </ClInclude>
    <ClInclude Include="Award.h">
      <Filter>Game</Filter>
    </ClInclude>
    <ClInclude Include="GameMng.h">
      <Filter>Game</Filter>
    </ClInclude>
    <ClInclude Include="Board.h">
      <Filter>Game</Filter>
    </ClInclude>
  </ItemGroup>
  <ItemGroup>
    <CLInclude Include="resource.h">
      <Filter>Resource Files</Filter>
    </CLInclude>
    <ResourceCompile Include="Olympic3.rc">
      <Filter>Resource Files</Filter>
    </ResourceCompile>
  </ItemGroup>
  <ItemGroup>
  </ItemGroup>
</Project>